
Microsoft Visual Studio Solution File, Format Version 12.00
# Visual Studio Version 17
VisualStudioVersion = 17.4.33403.182
MinimumVisualStudioVersion = 10.0.40219.1
Project("{FAE04EC0-301F-11D3-BF4B-00C04F79EFBC}") = "W21", "W21\W21.csproj", "{37CEDE33-3561-4979-B46A-48452D615D6D}"
EndProject
Global
	GlobalSection(SolutionConfigurationPlatforms) = preSolution
		Debug|Any CPU = Debug|Any CPU
		Release|Any CPU = Release|Any CPU
	EndGlobalSection
	GlobalSection(ProjectConfigurationPlatforms) = postSolution
		{37CEDE33-3561-4979-B46A-48452D615D6D}.Debug|Any CPU.ActiveCfg = Debug|Any CPU
		{37CEDE33-3561-4979-B46A-48452D615D6D}.Debug|Any CPU.Build.0 = Debug|Any CPU
		{37CEDE33-3561-4979-B46A-48452D615D6D}.Release|Any CPU.ActiveCfg = Release|Any CPU
		{37CEDE33-3561-4979-B46A-48452D615D6D}.Release|Any CPU.Build.0 = Release|Any CPU
	EndGlobalSection
	GlobalSection(SolutionProperties) = preSolution
		HideSolutionNode = FALSE
	EndGlobalSection
	GlobalSection(ExtensibilityGlobals) = postSolution
		SolutionGuid = {F7A31107-CBA6-43C7-AF26-608F1E4A4557}
	EndGlobalSection
EndGlobal
