
Microsoft Visual Studio Solution File, Format Version 12.00
# Visual Studio Version 17
VisualStudioVersion = 17.5.33530.505
MinimumVisualStudioVersion = 10.0.40219.1
Project("{FAE04EC0-301F-11D3-BF4B-00C04F79EFBC}") = "MotoApp", "MotoApp\MotoApp.csproj", "{BBF298F1-0AC6-4760-8E8D-36D357E50490}"
EndProject
Global
	GlobalSection(SolutionConfigurationPlatforms) = preSolution
		Debug|Any CPU = Debug|Any CPU
		Release|Any CPU = Release|Any CPU
	EndGlobalSection
	GlobalSection(ProjectConfigurationPlatforms) = postSolution
		{BBF298F1-0AC6-4760-8E8D-36D357E50490}.Debug|Any CPU.ActiveCfg = Debug|Any CPU
		{BBF298F1-0AC6-4760-8E8D-36D357E50490}.Debug|Any CPU.Build.0 = Debug|Any CPU
		{BBF298F1-0AC6-4760-8E8D-36D357E50490}.Release|Any CPU.ActiveCfg = Release|Any CPU
		{BBF298F1-0AC6-4760-8E8D-36D357E50490}.Release|Any CPU.Build.0 = Release|Any CPU
	EndGlobalSection
	GlobalSection(SolutionProperties) = preSolution
		HideSolutionNode = FALSE
	EndGlobalSection
	GlobalSection(ExtensibilityGlobals) = postSolution
		SolutionGuid = {C7294470-F93E-4E0D-818F-E097FD1EA2A3}
	EndGlobalSection
EndGlobal
